
Microsoft Visual Studio Solution File, Format Version 12.00
# Visual Studio Version 17
VisualStudioVersion = 17.9.34728.123
MinimumVisualStudioVersion = 10.0.40219.1
Project("{FAE04EC0-301F-11D3-BF4B-00C04F79EFBC}") = "RealEstateListingApp", "RealEstateListingApp\RealEstateListingApp.csproj", "{651942B7-38BA-4FAD-9C35-82D47C18CC23}"
EndProject
Global
	GlobalSection(SolutionConfigurationPlatforms) = preSolution
		Debug|Any CPU = Debug|Any CPU
		Release|Any CPU = Release|Any CPU
	EndGlobalSection
	GlobalSection(ProjectConfigurationPlatforms) = postSolution
		{651942B7-38BA-4FAD-9C35-82D47C18CC23}.Debug|Any CPU.ActiveCfg = Debug|Any CPU
		{651942B7-38BA-4FAD-9C35-82D47C18CC23}.Debug|Any CPU.Build.0 = Debug|Any CPU
		{651942B7-38BA-4FAD-9C35-82D47C18CC23}.Release|Any CPU.ActiveCfg = Release|Any CPU
		{651942B7-38BA-4FAD-9C35-82D47C18CC23}.Release|Any CPU.Build.0 = Release|Any CPU
	EndGlobalSection
	GlobalSection(SolutionProperties) = preSolution
		HideSolutionNode = FALSE
	EndGlobalSection
	GlobalSection(ExtensibilityGlobals) = postSolution
		SolutionGuid = {7723D84B-80DB-49D2-960D-99134036F4C0}
	EndGlobalSection
EndGlobal
